
Microsoft Visual Studio Solution File, Format Version 12.00
# Visual Studio 15
VisualStudioVersion = 15.0.28307.102
MinimumVisualStudioVersion = 10.0.40219.1
Project("{FAE04EC0-301F-11D3-BF4B-00C04F79EFBC}") = "TBP_Skladiste", "TBP_Skladiste\TBP_Skladiste.csproj", "{65614AEF-5964-44F1-9A76-61A93CDF6000}"
EndProject
Global
	GlobalSection(SolutionConfigurationPlatforms) = preSolution
		Debug|Any CPU = Debug|Any CPU
		Release|Any CPU = Release|Any CPU
	EndGlobalSection
	GlobalSection(ProjectConfigurationPlatforms) = postSolution
		{65614AEF-5964-44F1-9A76-61A93CDF6000}.Debug|Any CPU.ActiveCfg = Debug|Any CPU
		{65614AEF-5964-44F1-9A76-61A93CDF6000}.Debug|Any CPU.Build.0 = Debug|Any CPU
		{65614AEF-5964-44F1-9A76-61A93CDF6000}.Release|Any CPU.ActiveCfg = Release|Any CPU
		{65614AEF-5964-44F1-9A76-61A93CDF6000}.Release|Any CPU.Build.0 = Release|Any CPU
	EndGlobalSection
	GlobalSection(SolutionProperties) = preSolution
		HideSolutionNode = FALSE
	EndGlobalSection
	GlobalSection(ExtensibilityGlobals) = postSolution
		SolutionGuid = {979B9FC7-3611-422A-B6E7-EECF4DD32ABB}
	EndGlobalSection
EndGlobal
